
Microsoft Visual Studio Solution File, Format Version 11.00
# Visual Studio 2010
Project("{FAE04EC0-301F-11D3-BF4B-00C04F79EFBC}") = "MiscellaneousShop", "MiscellaneousShop\MiscellaneousShop.csproj", "{CF04E97B-B46D-434D-B680-3DD26E86AF05}"
EndProject
Global
	GlobalSection(SolutionConfigurationPlatforms) = preSolution
		Debug|Any CPU = Debug|Any CPU
		Release|Any CPU = Release|Any CPU
	EndGlobalSection
	GlobalSection(ProjectConfigurationPlatforms) = postSolution
		{CF04E97B-B46D-434D-B680-3DD26E86AF05}.Debug|Any CPU.ActiveCfg = Debug|Any CPU
		{CF04E97B-B46D-434D-B680-3DD26E86AF05}.Debug|Any CPU.Build.0 = Debug|Any CPU
		{CF04E97B-B46D-434D-B680-3DD26E86AF05}.Release|Any CPU.ActiveCfg = Release|Any CPU
		{CF04E97B-B46D-434D-B680-3DD26E86AF05}.Release|Any CPU.Build.0 = Release|Any CPU
	EndGlobalSection
	GlobalSection(SolutionProperties) = preSolution
		HideSolutionNode = FALSE
	EndGlobalSection
EndGlobal
